// !$*UTF8*$!
{
	archiveVersion = 1;
	classes = {
	};
	objectVersion = 48;
	objects = {

/* Begin PBXBuildFile section */
		2CD798D52044FA520078786D /* AppDelegate.m in Sources */ = {isa = PBXBuildFile; fileRef = 2CD798D42044FA520078786D /* AppDelegate.m */; };
		2CD798D82044FA520078786D /* ViewController.m in Sources */ = {isa = PBXBuildFile; fileRef = 2CD798D72044FA520078786D /* ViewController.m */; };
		2CD798DB2044FA520078786D /* Main.storyboard in Resources */ = {isa = PBXBuildFile; fileRef = 2CD798D92044FA520078786D /* Main.storyboard */; };
		2CD798DD2044FA530078786D /* Assets.xcassets in Resources */ = {isa = PBXBuildFile; fileRef = 2CD798DC2044FA530078786D /* Assets.xcassets */; };
		2CD798E02044FA530078786D /* LaunchScreen.storyboard in Resources */ = {isa = PBXBuildFile; fileRef = 2CD798DE2044FA530078786D /* LaunchScreen.storyboard */; };
		2CD798E32044FA530078786D /* main.m in Sources */ = {isa = PBXBuildFile; fileRef = 2CD798E22044FA530078786D /* main.m */; };
		2CD798EB20450ABB0078786D /* DetailedViewController.m in Sources */ = {isa = PBXBuildFile; fileRef = 2CD798EA20450ABB0078786D /* DetailedViewController.m */; };
/* End PBXBuildFile section */

/* Begin PBXFileReference section */
		2CD798D02044FA520078786D /* ScrollView-Images.app */ = {isa = PBXFileReference; explicitFileType = wrapper.application; includeInIndex = 0; path = "ScrollView-Images.app"; sourceTree = BUILT_PRODUCTS_DIR; };
		2CD798D32044FA520078786D /* AppDelegate.h */ = {isa = PBXFileReference; lastKnownFileType = sourcecode.c.h; path = AppDelegate.h; sourceTree = "<group>"; };
		2CD798D42044FA520078786D /* AppDelegate.m */ = {isa = PBXFileReference; lastKnownFileType = sourcecode.c.objc; path = AppDelegate.m; sourceTree = "<group>"; };
		2CD798D62044FA520078786D /* ViewController.h */ = {isa = PBXFileReference; lastKnownFileType = sourcecode.c.h; path = ViewController.h; sourceTree = "<group>"; };
		2CD798D72044FA520078786D /* ViewController.m */ = {isa = PBXFileReference; lastKnownFileType = sourcecode.c.objc; path = ViewController.m; sourceTree = "<group>"; };
		2CD798DA2044FA520078786D /* Base */ = {isa = PBXFileReference; lastKnownFileType = file.storyboard; name = Base; path = Base.lproj/Main.storyboard; sourceTree = "<group>"; };
		2CD798DC2044FA530078786D /* Assets.xcassets */ = {isa = PBXFileReference; lastKnownFileType = folder.assetcatalog; path = Assets.xcassets; sourceTree = "<group>"; };
		2CD798DF2044FA530078786D /* Base */ = {isa = PBXFileReference; lastKnownFileType = file.storyboard; name = Base; path = Base.lproj/LaunchScreen.storyboard; sourceTree = "<group>"; };
		2CD798E12044FA530078786D /* Info.plist */ = {isa = PBXFileReference; lastKnownFileType = text.plist.xml; path = Info.plist; sourceTree = "<group>"; };
		2CD798E22044FA530078786D /* main.m */ = {isa = PBXFileReference; lastKnownFileType = sourcecode.c.objc; path = main.m; sourceTree = "<group>"; };
		2CD798E920450ABB0078786D /* DetailedViewController.h */ = {isa = PBXFileReference; lastKnownFileType = sourcecode.c.h; path = DetailedViewController.h; sourceTree = "<group>"; };
		2CD798EA20450ABB0078786D /* DetailedViewController.m */ = {isa = PBXFileReference; lastKnownFileType = sourcecode.c.objc; path = DetailedViewController.m; sourceTree = "<group>"; };
/* End PBXFileReference section */

/* Begin PBXFrameworksBuildPhase section */
		2CD798CD2044FA520078786D /* Frameworks */ = {
			isa = PBXFrameworksBuildPhase;
			buildActionMask = 2147483647;
			files = (
			);
			runOnlyForDeploymentPostprocessing = 0;
		};
/* End PBXFrameworksBuildPhase section */

/* Begin PBXGroup section */
		2CD798C72044FA520078786D = {
			isa = PBXGroup;
			children = (
				2CD798D22044FA520078786D /* ScrollView-Images */,
				2CD798D12044FA520078786D /* Products */,
			);
			sourceTree = "<group>";
		};
		2CD798D12044FA520078786D /* Products */ = {
			isa = PBXGroup;
			children = (
				2CD798D02044FA520078786D /* ScrollView-Images.app */,
			);
			name = Products;
			sourceTree = "<group>";
		};
		2CD798D22044FA520078786D /* ScrollView-Images */ = {
			isa = PBXGroup;
			children = (
				2CD798D32044FA520078786D /* AppDelegate.h */,
				2CD798D42044FA520078786D /* AppDelegate.m */,
				2CD798D62044FA520078786D /* ViewController.h */,
				2CD798D72044FA520078786D /* ViewController.m */,
				2CD798E920450ABB0078786D /* DetailedViewController.h */,
				2CD798EA20450ABB0078786D /* DetailedViewController.m */,
				2CD798D92044FA520078786D /* Main.storyboard */,
				2CD798DC2044FA530078786D /* Assets.xcassets */,
				2CD798DE2044FA530078786D /* LaunchScreen.storyboard */,
				2CD798E12044FA530078786D /* Info.plist */,
				2CD798E22044FA530078786D /* main.m */,
			);
			path = "ScrollView-Images";
			sourceTree = "<group>";
		};
/* End PBXGroup section */

/* Begin PBXNativeTarget section */
		2CD798CF2044FA520078786D /* ScrollView-Images */ = {
			isa = PBXNativeTarget;
			buildConfigurationList = 2CD798E62044FA530078786D /* Build configuration list for PBXNativeTarget "ScrollView-Images" */;
			buildPhases = (
				2CD798CC2044FA520078786D /* Sources */,
				2CD798CD2044FA520078786D /* Frameworks */,
				2CD798CE2044FA520078786D /* Resources */,
			);
			buildRules = (
			);
			dependencies = (
			);
			name = "ScrollView-Images";
			productName = "ScrollView-Images";
			productReference = 2CD798D02044FA520078786D /* ScrollView-Images.app */;
			productType = "com.apple.product-type.application";
		};
/* End PBXNativeTarget section */

/* Begin PBXProject section */
		2CD798C82044FA520078786D /* Project object */ = {
			isa = PBXProject;
			attributes = {
				LastUpgradeCheck = 0920;
				ORGANIZATIONNAME = KevinT;
				TargetAttributes = {
					2CD798CF2044FA520078786D = {
						CreatedOnToolsVersion = 9.2;
						ProvisioningStyle = Automatic;
					};
				};
			};
			buildConfigurationList = 2CD798CB2044FA520078786D /* Build configuration list for PBXProject "ScrollView-Images" */;
			compatibilityVersion = "Xcode 8.0";
			developmentRegion = en;
			hasScannedForEncodings = 0;
			knownRegions = (
				en,
				Base,
			);
			mainGroup = 2CD798C72044FA520078786D;
			productRefGroup = 2CD798D12044FA520078786D /* Products */;
			projectDirPath = "";
			projectRoot = "";
			targets = (
				2CD798CF2044FA520078786D /* ScrollView-Images */,
			);
		};
/* End PBXProject section */

/* Begin PBXResourcesBuildPhase section */
		2CD798CE2044FA520078786D /* Resources */ = {
			isa = PBXResourcesBuildPhase;
			buildActionMask = 2147483647;
			files = (
				2CD798E02044FA530078786D /* LaunchScreen.storyboard in Resources */,
				2CD798DD2044FA530078786D /* Assets.xcassets in Resources */,
				2CD798DB2044FA520078786D /* Main.storyboard in Resources */,
			);
			runOnlyForDeploymentPostprocessing = 0;
		};
/* End PBXResourcesBuildPhase section */

/* Begin PBXSourcesBuildPhase section */
		2CD798CC2044FA520078786D /* Sources */ = {
			isa = PBXSourcesBuildPhase;
			buildActionMask = 2147483647;
			files = (
				2CD798D82044FA520078786D /* ViewController.m in Sources */,
				2CD798E32044FA530078786D /* main.m in Sources */,
				2CD798EB20450ABB0078786D /* DetailedViewController.m in Sources */,
				2CD798D52044FA520078786D /* AppDelegate.m in Sources */,
			);
			runOnlyForDeploymentPostprocessing = 0;
		};
/* End PBXSourcesBuildPhase section */

/* Begin PBXVariantGroup section */
		2CD798D92044FA520078786D /* Main.storyboard */ = {
			isa = PBXVariantGroup;
			children = (
				2CD798DA2044FA520078786D /* Base */,
			);
			name = Main.storyboard;
			sourceTree = "<group>";
		};
		2CD798DE2044FA530078786D /* LaunchScreen.storyboard */ = {
			isa = PBXVariantGroup;
			children = (
				2CD798DF2044FA530078786D /* Base */,
			);
			name = LaunchScreen.storyboard;
			sourceTree = "<group>";
		};
/* End PBXVariantGroup section */

/* Begin XCBuildConfiguration section */
		2CD798E42044FA530078786D /* Debug */ = {
			isa = XCBuildConfiguration;
			buildSettings = {
				ALWAYS_SEARCH_USER_PATHS = NO;
				CLANG_ANALYZER_NONNULL = YES;
				CLANG_ANALYZER_NUMBER_OBJECT_CONVERSION = YES_AGGRESSIVE;
				CLANG_CXX_LANGUAGE_STANDARD = "gnu++14";
				CLANG_CXX_LIBRARY = "libc++";
				CLANG_ENABLE_MODULES = YES;
				CLANG_ENABLE_OBJC_ARC = YES;
				CLANG_WARN_BLOCK_CAPTURE_AUTORELEASING = YES;
				CLANG_WARN_BOOL_CONVERSION = YES;
				CLANG_WARN_COMMA = YES;
				CLANG_WARN_CONSTANT_CONVERSION = YES;
				CLANG_WARN_DIRECT_OBJC_ISA_USAGE = YES_ERROR;
				CLANG_WARN_DOCUMENTATION_COMMENTS = YES;
				CLANG_WARN_EMPTY_BODY = YES;
				CLANG_WARN_ENUM_CONVERSION = YES;
				CLANG_WARN_INFINITE_RECURSION = YES;
				CLANG_WARN_INT_CONVERSION = YES;
				CLANG_WARN_NON_LITERAL_NULL_CONVERSION = YES;
				CLANG_WARN_OBJC_LITERAL_CONVERSION = YES;
				CLANG_WARN_OBJC_ROOT_CLASS = YES_ERROR;
				CLANG_WARN_RANGE_LOOP_ANALYSIS = YES;
				CLANG_WARN_STRICT_PROTOTYPES = YES;
				CLANG_WARN_SUSPICIOUS_MOVE = YES;
				CLANG_WARN_UNGUARDED_AVAILABILITY = YES_AGGRESSIVE;
				CLANG_WARN_UNREACHABLE_CODE = YES;
				CLANG_WARN__DUPLICATE_METHOD_MATCH = YES;
				CODE_SIGN_IDENTITY = "iPhone Developer";
				COPY_PHASE_STRIP = NO;
				DEBUG_INFORMATION_FORMAT = dwarf;
				ENABLE_STRICT_OBJC_MSGSEND = YES;
				ENABLE_TESTABILITY = YES;
				GCC_C_LANGUAGE_STANDARD = gnu11;
				GCC_DYNAMIC_NO_PIC = NO;
				GCC_NO_COMMON_BLOCKS = YES;
				GCC_OPTIMIZATION_LEVEL = 0;
				GCC_PREPROCESSOR_DEFINITIONS = (
					"DEBUG=1",
					"$(inherited)",
				);
				GCC_WARN_64_TO_32_BIT_CONVERSION = YES;
				GCC_WARN_ABOUT_RETURN_TYPE = YES_ERROR;
				GCC_WARN_UNDECLARED_SELECTOR = YES;
				GCC_WARN_UNINITIALIZED_AUTOS = YES_AGGRESSIVE;
				GCC_WARN_UNUSED_FUNCTION = YES;
				GCC_WARN_UNUSED_VARIABLE = YES;
				IPHONEOS_DEPLOYMENT_TARGET = 11.2;
				MTL_ENABLE_DEBUG_INFO = YES;
				ONLY_ACTIVE_ARCH = YES;
				SDKROOT = iphoneos;
			};
			name = Debug;
		};
		2CD798E52044FA530078786D /* Release */ = {
			isa = XCBuildConfiguration;
			buildSettings = {
				ALWAYS_SEARCH_USER_PATHS = NO;
				CLANG_ANALYZER_NONNULL = YES;
				CLANG_ANALYZER_NUMBER_OBJECT_CONVERSION = YES_AGGRESSIVE;
				CLANG_CXX_LANGUAGE_STANDARD = "gnu++14";
				CLANG_CXX_LIBRARY = "libc++";
				CLANG_ENABLE_MODULES = YES;
				CLANG_ENABLE_OBJC_ARC = YES;
				CLANG_WARN_BLOCK_CAPTURE_AUTORELEASING = YES;
				CLANG_WARN_BOOL_CONVERSION = YES;
				CLANG_WARN_COMMA = YES;
				CLANG_WARN_CONSTANT_CONVERSION = YES;
				CLANG_WARN_DIRECT_OBJC_ISA_USAGE = YES_ERROR;
				CLANG_WARN_DOCUMENTATION_COMMENTS = YES;
				CLANG_WARN_EMPTY_BODY = YES;
				CLANG_WARN_ENUM_CONVERSION = YES;
				CLANG_WARN_INFINITE_RECURSION = YES;
				CLANG_WARN_INT_CONVERSION = YES;
				CLANG_WARN_NON_LITERAL_NULL_CONVERSION = YES;
				CLANG_WARN_OBJC_LITERAL_CONVERSION = YES;
				CLANG_WARN_OBJC_ROOT_CLASS = YES_ERROR;
				CLANG_WARN_RANGE_LOOP_ANALYSIS = YES;
				CLANG_WARN_STRICT_PROTOTYPES = YES;
				CLANG_WARN_SUSPICIOUS_MOVE = YES;
				CLANG_WARN_UNGUARDED_AVAILABILITY = YES_AGGRESSIVE;
				CLANG_WARN_UNREACHABLE_CODE = YES;
				CLANG_WARN__DUPLICATE_METHOD_MATCH = YES;
				CODE_SIGN_IDENTITY = "iPhone Developer";
				COPY_PHASE_STRIP = NO;
				DEBUG_INFORMATION_FORMAT = "dwarf-with-dsym";
				ENABLE_NS_ASSERTIONS = NO;
				ENABLE_STRICT_OBJC_MSGSEND = YES;
				GCC_C_LANGUAGE_STANDARD = gnu11;
				GCC_NO_COMMON_BLOCKS = YES;
				GCC_WARN_64_TO_32_BIT_CONVERSION = YES;
				GCC_WARN_ABOUT_RETURN_TYPE = YES_ERROR;
				GCC_WARN_UNDECLARED_SELECTOR = YES;
				GCC_WARN_UNINITIALIZED_AUTOS = YES_AGGRESSIVE;
				GCC_WARN_UNUSED_FUNCTION = YES;
				GCC_WARN_UNUSED_VARIABLE = YES;
				IPHONEOS_DEPLOYMENT_TARGET = 11.2;
				MTL_ENABLE_DEBUG_INFO = NO;
				SDKROOT = iphoneos;
				VALIDATE_PRODUCT = YES;
			};
			name = Release;
		};
		2CD798E72044FA530078786D /* Debug */ = {
			isa = XCBuildConfiguration;
			buildSettings = {
				ASSETCATALOG_COMPILER_APPICON_NAME = AppIcon;
				CODE_SIGN_STYLE = Automatic;
				DEVELOPMENT_TEAM = Z443C3M747;
				INFOPLIST_FILE = "ScrollView-Images/Info.plist";
				LD_RUNPATH_SEARCH_PATHS = "$(inherited) @executable_path/Frameworks";
				PRODUCT_BUNDLE_IDENTIFIER = "kt.ScrollView-Images";
				PRODUCT_NAME = "$(TARGET_NAME)";
				TARGETED_DEVICE_FAMILY = "1,2";
			};
			name = Debug;
		};
		2CD798E82044FA530078786D /* Release */ = {
			isa = XCBuildConfiguration;
			buildSettings = {
				ASSETCATALOG_COMPILER_APPICON_NAME = AppIcon;
				CODE_SIGN_STYLE = Automatic;
				DEVELOPMENT_TEAM = Z443C3M747;
				INFOPLIST_FILE = "ScrollView-Images/Info.plist";
				LD_RUNPATH_SEARCH_PATHS = "$(inherited) @executable_path/Frameworks";
				PRODUCT_BUNDLE_IDENTIFIER = "kt.ScrollView-Images";
				PRODUCT_NAME = "$(TARGET_NAME)";
				TARGETED_DEVICE_FAMILY = "1,2";
			};
			name = Release;
		};
/* End XCBuildConfiguration section */

/* Begin XCConfigurationList section */
		2CD798CB2044FA520078786D /* Build configuration list for PBXProject "ScrollView-Images" */ = {
			isa = XCConfigurationList;
			buildConfigurations = (
				2CD798E42044FA530078786D /* Debug */,
				2CD798E52044FA530078786D /* Release */,
			);
			defaultConfigurationIsVisible = 0;
			defaultConfigurationName = Release;
		};
		2CD798E62044FA530078786D /* Build configuration list for PBXNativeTarget "ScrollView-Images" */ = {
			isa = XCConfigurationList;
			buildConfigurations = (
				2CD798E72044FA530078786D /* Debug */,
				2CD798E82044FA530078786D /* Release */,
			);
			defaultConfigurationIsVisible = 0;
			defaultConfigurationName = Release;
		};
/* End XCConfigurationList section */
	};
	rootObject = 2CD798C82044FA520078786D /* Project object */;
}
